
Microsoft Visual Studio Solution File, Format Version 12.00
# Visual Studio 15
VisualStudioVersion = 15.0.26124.0
MinimumVisualStudioVersion = 15.0.26124.0
Project("{FAE04EC0-301F-11D3-BF4B-00C04F79EFBC}") = "GenericRepo", "GenericRepo\GenericRepo.csproj", "{D2978741-8E95-448E-B86A-CA1F8575AE37}"
EndProject
Project("{FAE04EC0-301F-11D3-BF4B-00C04F79EFBC}") = "GenericRepo.EntityFramework", "GenericRepo.EntityFramework\GenericRepo.EntityFramework.csproj", "{14741BDA-F9A8-4127-8AD5-F217DC8E8F6A}"
EndProject
Project("{FAE04EC0-301F-11D3-BF4B-00C04F79EFBC}") = "GenericRepo.InMemoryStorage", "GenericRepo.InMemoryStorage\GenericRepo.InMemoryStorage.csproj", "{B094B2A6-E40A-46F1-ADC2-C701C0711448}"
EndProject
Global
	GlobalSection(SolutionConfigurationPlatforms) = preSolution
		Debug|Any CPU = Debug|Any CPU
		Debug|x64 = Debug|x64
		Debug|x86 = Debug|x86
		Release|Any CPU = Release|Any CPU
		Release|x64 = Release|x64
		Release|x86 = Release|x86
	EndGlobalSection
	GlobalSection(SolutionProperties) = preSolution
		HideSolutionNode = FALSE
	EndGlobalSection
	GlobalSection(ProjectConfigurationPlatforms) = postSolution
		{D2978741-8E95-448E-B86A-CA1F8575AE37}.Debug|Any CPU.ActiveCfg = Debug|Any CPU
		{D2978741-8E95-448E-B86A-CA1F8575AE37}.Debug|Any CPU.Build.0 = Debug|Any CPU
		{D2978741-8E95-448E-B86A-CA1F8575AE37}.Debug|x64.ActiveCfg = Debug|Any CPU
		{D2978741-8E95-448E-B86A-CA1F8575AE37}.Debug|x64.Build.0 = Debug|Any CPU
		{D2978741-8E95-448E-B86A-CA1F8575AE37}.Debug|x86.ActiveCfg = Debug|Any CPU
		{D2978741-8E95-448E-B86A-CA1F8575AE37}.Debug|x86.Build.0 = Debug|Any CPU
		{D2978741-8E95-448E-B86A-CA1F8575AE37}.Release|Any CPU.ActiveCfg = Release|Any CPU
		{D2978741-8E95-448E-B86A-CA1F8575AE37}.Release|Any CPU.Build.0 = Release|Any CPU
		{D2978741-8E95-448E-B86A-CA1F8575AE37}.Release|x64.ActiveCfg = Release|Any CPU
		{D2978741-8E95-448E-B86A-CA1F8575AE37}.Release|x64.Build.0 = Release|Any CPU
		{D2978741-8E95-448E-B86A-CA1F8575AE37}.Release|x86.ActiveCfg = Release|Any CPU
		{D2978741-8E95-448E-B86A-CA1F8575AE37}.Release|x86.Build.0 = Release|Any CPU
		{14741BDA-F9A8-4127-8AD5-F217DC8E8F6A}.Debug|Any CPU.ActiveCfg = Debug|Any CPU
		{14741BDA-F9A8-4127-8AD5-F217DC8E8F6A}.Debug|Any CPU.Build.0 = Debug|Any CPU
		{14741BDA-F9A8-4127-8AD5-F217DC8E8F6A}.Debug|x64.ActiveCfg = Debug|Any CPU
		{14741BDA-F9A8-4127-8AD5-F217DC8E8F6A}.Debug|x64.Build.0 = Debug|Any CPU
		{14741BDA-F9A8-4127-8AD5-F217DC8E8F6A}.Debug|x86.ActiveCfg = Debug|Any CPU
		{14741BDA-F9A8-4127-8AD5-F217DC8E8F6A}.Debug|x86.Build.0 = Debug|Any CPU
		{14741BDA-F9A8-4127-8AD5-F217DC8E8F6A}.Release|Any CPU.ActiveCfg = Release|Any CPU
		{14741BDA-F9A8-4127-8AD5-F217DC8E8F6A}.Release|Any CPU.Build.0 = Release|Any CPU
		{14741BDA-F9A8-4127-8AD5-F217DC8E8F6A}.Release|x64.ActiveCfg = Release|Any CPU
		{14741BDA-F9A8-4127-8AD5-F217DC8E8F6A}.Release|x64.Build.0 = Release|Any CPU
		{14741BDA-F9A8-4127-8AD5-F217DC8E8F6A}.Release|x86.ActiveCfg = Release|Any CPU
		{14741BDA-F9A8-4127-8AD5-F217DC8E8F6A}.Release|x86.Build.0 = Release|Any CPU
		{B094B2A6-E40A-46F1-ADC2-C701C0711448}.Debug|Any CPU.ActiveCfg = Debug|Any CPU
		{B094B2A6-E40A-46F1-ADC2-C701C0711448}.Debug|Any CPU.Build.0 = Debug|Any CPU
		{B094B2A6-E40A-46F1-ADC2-C701C0711448}.Debug|x64.ActiveCfg = Debug|Any CPU
		{B094B2A6-E40A-46F1-ADC2-C701C0711448}.Debug|x64.Build.0 = Debug|Any CPU
		{B094B2A6-E40A-46F1-ADC2-C701C0711448}.Debug|x86.ActiveCfg = Debug|Any CPU
		{B094B2A6-E40A-46F1-ADC2-C701C0711448}.Debug|x86.Build.0 = Debug|Any CPU
		{B094B2A6-E40A-46F1-ADC2-C701C0711448}.Release|Any CPU.ActiveCfg = Release|Any CPU
		{B094B2A6-E40A-46F1-ADC2-C701C0711448}.Release|Any CPU.Build.0 = Release|Any CPU
		{B094B2A6-E40A-46F1-ADC2-C701C0711448}.Release|x64.ActiveCfg = Release|Any CPU
		{B094B2A6-E40A-46F1-ADC2-C701C0711448}.Release|x64.Build.0 = Release|Any CPU
		{B094B2A6-E40A-46F1-ADC2-C701C0711448}.Release|x86.ActiveCfg = Release|Any CPU
		{B094B2A6-E40A-46F1-ADC2-C701C0711448}.Release|x86.Build.0 = Release|Any CPU
	EndGlobalSection
EndGlobal
